// !$*UTF8*$!
{
	archiveVersion = 1;
	classes = {
	};
	objectVersion = 56;
	objects = {

/* Begin PBXBuildFile section */
		5D8B82992B52E7AC00B79837 /* RecoGrapherApp.swift in Sources */ = {isa = PBXBuildFile; fileRef = 5D8B82982B52E7AC00B79837 /* RecoGrapherApp.swift */; };
		5D8B829B2B52E7AC00B79837 /* ContentView.swift in Sources */ = {isa = PBXBuildFile; fileRef = 5D8B829A2B52E7AC00B79837 /* ContentView.swift */; };
		5D8B829D2B52E7AE00B79837 /* Assets.xcassets in Resources */ = {isa = PBXBuildFile; fileRef = 5D8B829C2B52E7AE00B79837 /* Assets.xcassets */; };
		5D8B82A02B52E7AE00B79837 /* Preview Assets.xcassets in Resources */ = {isa = PBXBuildFile; fileRef = 5D8B829F2B52E7AE00B79837 /* Preview Assets.xcassets */; };
		5D8B82C92B52EA1E00B79837 /* HomePage.swift in Sources */ = {isa = PBXBuildFile; fileRef = 5D8B82C82B52EA1E00B79837 /* HomePage.swift */; };
		5D8B82CD2B52EA6200B79837 /* HomeHeader.swift in Sources */ = {isa = PBXBuildFile; fileRef = 5D8B82CC2B52EA6200B79837 /* HomeHeader.swift */; };
		5D8B82CF2B52EA8400B79837 /* SideMenu.swift in Sources */ = {isa = PBXBuildFile; fileRef = 5D8B82CE2B52EA8400B79837 /* SideMenu.swift */; };
		5D8B82D12B52EA9400B79837 /* Search.swift in Sources */ = {isa = PBXBuildFile; fileRef = 5D8B82D02B52EA9400B79837 /* Search.swift */; };
		5D8B82D32B52EB9A00B79837 /* ColorExtension.swift in Sources */ = {isa = PBXBuildFile; fileRef = 5D8B82D22B52EB9A00B79837 /* ColorExtension.swift */; };
		5D8B82D62B52EE2A00B79837 /* Colors.xcassets in Resources */ = {isa = PBXBuildFile; fileRef = 5D8B82D52B52EE2A00B79837 /* Colors.xcassets */; };
		5D8B82DA2B52F0C100B79837 /* RecordButton.swift in Sources */ = {isa = PBXBuildFile; fileRef = 5D8B82D92B52F0C100B79837 /* RecordButton.swift */; };
		5D8B82DC2B52F0E300B79837 /* RecordPage.swift in Sources */ = {isa = PBXBuildFile; fileRef = 5D8B82DB2B52F0E300B79837 /* RecordPage.swift */; };
		5D8B82E32B538C7500B79837 /* AuthModel.swift in Sources */ = {isa = PBXBuildFile; fileRef = 5D8B82E22B538C7500B79837 /* AuthModel.swift */; };
		5D8B82E52B538D6C00B79837 /* GoogleService-Info.plist in Resources */ = {isa = PBXBuildFile; fileRef = 5D8B82E42B538D6C00B79837 /* GoogleService-Info.plist */; };
		5D8B82E82B538EFA00B79837 /* FirebaseAuth in Frameworks */ = {isa = PBXBuildFile; productRef = 5D8B82E72B538EFA00B79837 /* FirebaseAuth */; };
		5D8B82ED2B538FC000B79837 /* SignUp.swift in Sources */ = {isa = PBXBuildFile; fileRef = 5D8B82EC2B538FC000B79837 /* SignUp.swift */; };
		5D8B82F02B5391F600B79837 /* GoogleSignIn in Frameworks */ = {isa = PBXBuildFile; productRef = 5D8B82EF2B5391F600B79837 /* GoogleSignIn */; };
		5D8B82F22B53923600B79837 /* GoogleSignInSwift in Frameworks */ = {isa = PBXBuildFile; productRef = 5D8B82F12B53923600B79837 /* GoogleSignInSwift */; };
		5D8B82F52B53926900B79837 /* AuthViewModel.swift in Sources */ = {isa = PBXBuildFile; fileRef = 5D8B82F42B53926900B79837 /* AuthViewModel.swift */; };
		5D8B82F82B53A53F00B79837 /* .gitignore in Resources */ = {isa = PBXBuildFile; fileRef = 5D8B82F72B53A53F00B79837 /* .gitignore */; };
		5D8B82FA2B53A89400B79837 /* README.md in Resources */ = {isa = PBXBuildFile; fileRef = 5D8B82F92B53A89400B79837 /* README.md */; };
		5D8B82FC2B53ADFB00B79837 /* RecordingViewModel.swift in Sources */ = {isa = PBXBuildFile; fileRef = 5D8B82FB2B53ADFB00B79837 /* RecordingViewModel.swift */; };
		5D8B82FF2B53B50500B79837 /* RecordingModel.swift in Sources */ = {isa = PBXBuildFile; fileRef = 5D8B82FE2B53B50500B79837 /* RecordingModel.swift */; };
		5D8B83012B55217A00B79837 /* RecordHeader.swift in Sources */ = {isa = PBXBuildFile; fileRef = 5D8B83002B55217A00B79837 /* RecordHeader.swift */; };
/* End PBXBuildFile section */

/* Begin PBXContainerItemProxy section */
		5D8B82AB2B52E7AE00B79837 /* PBXContainerItemProxy */ = {
			isa = PBXContainerItemProxy;
			containerPortal = 5D8B828D2B52E7AC00B79837 /* Project object */;
			proxyType = 1;
			remoteGlobalIDString = 5D8B82942B52E7AC00B79837;
			remoteInfo = RecoGrapher;
		};
		5D8B82B52B52E7AE00B79837 /* PBXContainerItemProxy */ = {
			isa = PBXContainerItemProxy;
			containerPortal = 5D8B828D2B52E7AC00B79837 /* Project object */;
			proxyType = 1;
			remoteGlobalIDString = 5D8B82942B52E7AC00B79837;
			remoteInfo = RecoGrapher;
		};
/* End PBXContainerItemProxy section */

/* Begin PBXFileReference section */
		5D8B82952B52E7AC00B79837 /* RecoGrapher.app */ = {isa = PBXFileReference; explicitFileType = wrapper.application; includeInIndex = 0; path = RecoGrapher.app; sourceTree = BUILT_PRODUCTS_DIR; };
		5D8B82982B52E7AC00B79837 /* RecoGrapherApp.swift */ = {isa = PBXFileReference; lastKnownFileType = sourcecode.swift; path = RecoGrapherApp.swift; sourceTree = "<group>"; };
		5D8B829A2B52E7AC00B79837 /* ContentView.swift */ = {isa = PBXFileReference; lastKnownFileType = sourcecode.swift; path = ContentView.swift; sourceTree = "<group>"; };
		5D8B829C2B52E7AE00B79837 /* Assets.xcassets */ = {isa = PBXFileReference; lastKnownFileType = folder.assetcatalog; path = Assets.xcassets; sourceTree = "<group>"; };
		5D8B829F2B52E7AE00B79837 /* Preview Assets.xcassets */ = {isa = PBXFileReference; lastKnownFileType = folder.assetcatalog; path = "Preview Assets.xcassets"; sourceTree = "<group>"; };
		5D8B82AA2B52E7AE00B79837 /* RecoGrapherTests.xctest */ = {isa = PBXFileReference; explicitFileType = wrapper.cfbundle; includeInIndex = 0; path = RecoGrapherTests.xctest; sourceTree = BUILT_PRODUCTS_DIR; };
		5D8B82B42B52E7AE00B79837 /* RecoGrapherUITests.xctest */ = {isa = PBXFileReference; explicitFileType = wrapper.cfbundle; includeInIndex = 0; path = RecoGrapherUITests.xctest; sourceTree = BUILT_PRODUCTS_DIR; };
		5D8B82C82B52EA1E00B79837 /* HomePage.swift */ = {isa = PBXFileReference; lastKnownFileType = sourcecode.swift; path = HomePage.swift; sourceTree = "<group>"; };
		5D8B82CC2B52EA6200B79837 /* HomeHeader.swift */ = {isa = PBXFileReference; lastKnownFileType = sourcecode.swift; path = HomeHeader.swift; sourceTree = "<group>"; };
		5D8B82CE2B52EA8400B79837 /* SideMenu.swift */ = {isa = PBXFileReference; lastKnownFileType = sourcecode.swift; path = SideMenu.swift; sourceTree = "<group>"; };
		5D8B82D02B52EA9400B79837 /* Search.swift */ = {isa = PBXFileReference; lastKnownFileType = sourcecode.swift; path = Search.swift; sourceTree = "<group>"; };
		5D8B82D22B52EB9A00B79837 /* ColorExtension.swift */ = {isa = PBXFileReference; lastKnownFileType = sourcecode.swift; path = ColorExtension.swift; sourceTree = "<group>"; };
		5D8B82D52B52EE2A00B79837 /* Colors.xcassets */ = {isa = PBXFileReference; lastKnownFileType = folder.assetcatalog; path = Colors.xcassets; sourceTree = "<group>"; };
		5D8B82D92B52F0C100B79837 /* RecordButton.swift */ = {isa = PBXFileReference; lastKnownFileType = sourcecode.swift; path = RecordButton.swift; sourceTree = "<group>"; };
		5D8B82DB2B52F0E300B79837 /* RecordPage.swift */ = {isa = PBXFileReference; lastKnownFileType = sourcecode.swift; path = RecordPage.swift; sourceTree = "<group>"; };
		5D8B82E22B538C7500B79837 /* AuthModel.swift */ = {isa = PBXFileReference; lastKnownFileType = sourcecode.swift; path = AuthModel.swift; sourceTree = "<group>"; };
		5D8B82E42B538D6C00B79837 /* GoogleService-Info.plist */ = {isa = PBXFileReference; fileEncoding = 4; lastKnownFileType = text.plist.xml; path = "GoogleService-Info.plist"; sourceTree = "<group>"; };
		5D8B82EC2B538FC000B79837 /* SignUp.swift */ = {isa = PBXFileReference; lastKnownFileType = sourcecode.swift; path = SignUp.swift; sourceTree = "<group>"; };
		5D8B82F42B53926900B79837 /* AuthViewModel.swift */ = {isa = PBXFileReference; lastKnownFileType = sourcecode.swift; path = AuthViewModel.swift; sourceTree = "<group>"; };
		5D8B82F62B5397A200B79837 /* Info.plist */ = {isa = PBXFileReference; lastKnownFileType = text.plist; path = Info.plist; sourceTree = "<group>"; };
		5D8B82F72B53A53F00B79837 /* .gitignore */ = {isa = PBXFileReference; lastKnownFileType = text; path = .gitignore; sourceTree = "<group>"; };
		5D8B82F92B53A89400B79837 /* README.md */ = {isa = PBXFileReference; lastKnownFileType = net.daringfireball.markdown; path = README.md; sourceTree = "<group>"; };
		5D8B82FB2B53ADFB00B79837 /* RecordingViewModel.swift */ = {isa = PBXFileReference; lastKnownFileType = sourcecode.swift; path = RecordingViewModel.swift; sourceTree = "<group>"; };
		5D8B82FE2B53B50500B79837 /* RecordingModel.swift */ = {isa = PBXFileReference; lastKnownFileType = sourcecode.swift; path = RecordingModel.swift; sourceTree = "<group>"; };
		5D8B83002B55217A00B79837 /* RecordHeader.swift */ = {isa = PBXFileReference; lastKnownFileType = sourcecode.swift; path = RecordHeader.swift; sourceTree = "<group>"; };
/* End PBXFileReference section */

/* Begin PBXFrameworksBuildPhase section */
		5D8B82922B52E7AC00B79837 /* Frameworks */ = {
			isa = PBXFrameworksBuildPhase;
			buildActionMask = 2147483647;
			files = (
				5D8B82F22B53923600B79837 /* GoogleSignInSwift in Frameworks */,
				5D8B82E82B538EFA00B79837 /* FirebaseAuth in Frameworks */,
				5D8B82F02B5391F600B79837 /* GoogleSignIn in Frameworks */,
			);
			runOnlyForDeploymentPostprocessing = 0;
		};
		5D8B82A72B52E7AE00B79837 /* Frameworks */ = {
			isa = PBXFrameworksBuildPhase;
			buildActionMask = 2147483647;
			files = (
			);
			runOnlyForDeploymentPostprocessing = 0;
		};
		5D8B82B12B52E7AE00B79837 /* Frameworks */ = {
			isa = PBXFrameworksBuildPhase;
			buildActionMask = 2147483647;
			files = (
			);
			runOnlyForDeploymentPostprocessing = 0;
		};
/* End PBXFrameworksBuildPhase section */

/* Begin PBXGroup section */
		5D8B828C2B52E7AC00B79837 = {
			isa = PBXGroup;
			children = (
				5D8B82F92B53A89400B79837 /* README.md */,
				5D8B82F72B53A53F00B79837 /* .gitignore */,
				5D8B82972B52E7AC00B79837 /* RecoGrapher */,
				5D8B82962B52E7AC00B79837 /* Products */,
			);
			sourceTree = "<group>";
		};
		5D8B82962B52E7AC00B79837 /* Products */ = {
			isa = PBXGroup;
			children = (
				5D8B82952B52E7AC00B79837 /* RecoGrapher.app */,
				5D8B82AA2B52E7AE00B79837 /* RecoGrapherTests.xctest */,
				5D8B82B42B52E7AE00B79837 /* RecoGrapherUITests.xctest */,
			);
			name = Products;
			sourceTree = "<group>";
		};
		5D8B82972B52E7AC00B79837 /* RecoGrapher */ = {
			isa = PBXGroup;
			children = (
				5D8B82F62B5397A200B79837 /* Info.plist */,
				5D8B82F32B53925500B79837 /* ViewModel */,
				5D8B82E12B538C6400B79837 /* Model */,
				5D8B82D42B52ED8B00B79837 /* CustomColorAssets */,
				5D8B82CA2B52EA2600B79837 /* View */,
				5D8B82982B52E7AC00B79837 /* RecoGrapherApp.swift */,
				5D8B829A2B52E7AC00B79837 /* ContentView.swift */,
				5D8B829C2B52E7AE00B79837 /* Assets.xcassets */,
				5D8B82E42B538D6C00B79837 /* GoogleService-Info.plist */,
				5D8B829E2B52E7AE00B79837 /* Preview Content */,
			);
			path = RecoGrapher;
			sourceTree = "<group>";
		};
		5D8B829E2B52E7AE00B79837 /* Preview Content */ = {
			isa = PBXGroup;
			children = (
				5D8B829F2B52E7AE00B79837 /* Preview Assets.xcassets */,
			);
			path = "Preview Content";
			sourceTree = "<group>";
		};
		5D8B82C72B52EA0500B79837 /* Home */ = {
			isa = PBXGroup;
			children = (
				5D8B82CE2B52EA8400B79837 /* SideMenu.swift */,
				5D8B82C82B52EA1E00B79837 /* HomePage.swift */,
				5D8B82CC2B52EA6200B79837 /* HomeHeader.swift */,
			);
			path = Home;
			sourceTree = "<group>";
		};
		5D8B82CA2B52EA2600B79837 /* View */ = {
			isa = PBXGroup;
			children = (
				5D8B82CB2B52EA3600B79837 /* Screen */,
			);
			path = View;
			sourceTree = "<group>";
		};
		5D8B82CB2B52EA3600B79837 /* Screen */ = {
			isa = PBXGroup;
			children = (
				5D8B82E92B538F7700B79837 /* SignUp */,
				5D8B82D72B52F09B00B79837 /* Record */,
				5D8B82C72B52EA0500B79837 /* Home */,
				5D8B82D02B52EA9400B79837 /* Search.swift */,
			);
			path = Screen;
			sourceTree = "<group>";
		};
		5D8B82D42B52ED8B00B79837 /* CustomColorAssets */ = {
			isa = PBXGroup;
			children = (
				5D8B82D22B52EB9A00B79837 /* ColorExtension.swift */,
				5D8B82D52B52EE2A00B79837 /* Colors.xcassets */,
			);
			path = CustomColorAssets;
			sourceTree = "<group>";
		};
		5D8B82D72B52F09B00B79837 /* Record */ = {
			isa = PBXGroup;
			children = (
				5D8B82DB2B52F0E300B79837 /* RecordPage.swift */,
				5D8B82D92B52F0C100B79837 /* RecordButton.swift */,
				5D8B83002B55217A00B79837 /* RecordHeader.swift */,
			);
			path = Record;
			sourceTree = "<group>";
		};
		5D8B82E12B538C6400B79837 /* Model */ = {
			isa = PBXGroup;
			children = (
				5D8B82FE2B53B50500B79837 /* RecordingModel.swift */,
				5D8B82E22B538C7500B79837 /* AuthModel.swift */,
			);
			path = Model;
			sourceTree = "<group>";
		};
		5D8B82E92B538F7700B79837 /* SignUp */ = {
			isa = PBXGroup;
			children = (
				5D8B82EC2B538FC000B79837 /* SignUp.swift */,
			);
			path = SignUp;
			sourceTree = "<group>";
		};
		5D8B82F32B53925500B79837 /* ViewModel */ = {
			isa = PBXGroup;
			children = (
				5D8B82F42B53926900B79837 /* AuthViewModel.swift */,
				5D8B82FB2B53ADFB00B79837 /* RecordingViewModel.swift */,
			);
			path = ViewModel;
			sourceTree = "<group>";
		};
/* End PBXGroup section */

/* Begin PBXNativeTarget section */
		5D8B82942B52E7AC00B79837 /* RecoGrapher */ = {
			isa = PBXNativeTarget;
			buildConfigurationList = 5D8B82BE2B52E7AE00B79837 /* Build configuration list for PBXNativeTarget "RecoGrapher" */;
			buildPhases = (
				5D8B82912B52E7AC00B79837 /* Sources */,
				5D8B82922B52E7AC00B79837 /* Frameworks */,
				5D8B82932B52E7AC00B79837 /* Resources */,
			);
			buildRules = (
			);
			dependencies = (
			);
			name = RecoGrapher;
			packageProductDependencies = (
				5D8B82E72B538EFA00B79837 /* FirebaseAuth */,
				5D8B82EF2B5391F600B79837 /* GoogleSignIn */,
				5D8B82F12B53923600B79837 /* GoogleSignInSwift */,
			);
			productName = RecoGrapher;
			productReference = 5D8B82952B52E7AC00B79837 /* RecoGrapher.app */;
			productType = "com.apple.product-type.application";
		};
		5D8B82A92B52E7AE00B79837 /* RecoGrapherTests */ = {
			isa = PBXNativeTarget;
			buildConfigurationList = 5D8B82C12B52E7AE00B79837 /* Build configuration list for PBXNativeTarget "RecoGrapherTests" */;
			buildPhases = (
				5D8B82A62B52E7AE00B79837 /* Sources */,
				5D8B82A72B52E7AE00B79837 /* Frameworks */,
				5D8B82A82B52E7AE00B79837 /* Resources */,
			);
			buildRules = (
			);
			dependencies = (
				5D8B82AC2B52E7AE00B79837 /* PBXTargetDependency */,
			);
			name = RecoGrapherTests;
			productName = RecoGrapherTests;
			productReference = 5D8B82AA2B52E7AE00B79837 /* RecoGrapherTests.xctest */;
			productType = "com.apple.product-type.bundle.unit-test";
		};
		5D8B82B32B52E7AE00B79837 /* RecoGrapherUITests */ = {
			isa = PBXNativeTarget;
			buildConfigurationList = 5D8B82C42B52E7AE00B79837 /* Build configuration list for PBXNativeTarget "RecoGrapherUITests" */;
			buildPhases = (
				5D8B82B02B52E7AE00B79837 /* Sources */,
				5D8B82B12B52E7AE00B79837 /* Frameworks */,
				5D8B82B22B52E7AE00B79837 /* Resources */,
			);
			buildRules = (
			);
			dependencies = (
				5D8B82B62B52E7AE00B79837 /* PBXTargetDependency */,
			);
			name = RecoGrapherUITests;
			productName = RecoGrapherUITests;
			productReference = 5D8B82B42B52E7AE00B79837 /* RecoGrapherUITests.xctest */;
			productType = "com.apple.product-type.bundle.ui-testing";
		};
/* End PBXNativeTarget section */

/* Begin PBXProject section */
		5D8B828D2B52E7AC00B79837 /* Project object */ = {
			isa = PBXProject;
			attributes = {
				BuildIndependentTargetsInParallel = 1;
				LastSwiftUpdateCheck = 1500;
				LastUpgradeCheck = 1500;
				TargetAttributes = {
					5D8B82942B52E7AC00B79837 = {
						CreatedOnToolsVersion = 15.0.1;
					};
					5D8B82A92B52E7AE00B79837 = {
						CreatedOnToolsVersion = 15.0.1;
						TestTargetID = 5D8B82942B52E7AC00B79837;
					};
					5D8B82B32B52E7AE00B79837 = {
						CreatedOnToolsVersion = 15.0.1;
						TestTargetID = 5D8B82942B52E7AC00B79837;
					};
				};
			};
			buildConfigurationList = 5D8B82902B52E7AC00B79837 /* Build configuration list for PBXProject "RecoGrapher" */;
			compatibilityVersion = "Xcode 14.0";
			developmentRegion = en;
			hasScannedForEncodings = 0;
			knownRegions = (
				en,
				Base,
			);
			mainGroup = 5D8B828C2B52E7AC00B79837;
			packageReferences = (
				5D8B82E62B538E0900B79837 /* XCRemoteSwiftPackageReference "firebase-ios-sdk" */,
				5D8B82EE2B5391F600B79837 /* XCRemoteSwiftPackageReference "GoogleSignIn-iOS" */,
			);
			productRefGroup = 5D8B82962B52E7AC00B79837 /* Products */;
			projectDirPath = "";
			projectRoot = "";
			targets = (
				5D8B82942B52E7AC00B79837 /* RecoGrapher */,
				5D8B82A92B52E7AE00B79837 /* RecoGrapherTests */,
				5D8B82B32B52E7AE00B79837 /* RecoGrapherUITests */,
			);
		};
/* End PBXProject section */

/* Begin PBXResourcesBuildPhase section */
		5D8B82932B52E7AC00B79837 /* Resources */ = {
			isa = PBXResourcesBuildPhase;
			buildActionMask = 2147483647;
			files = (
				5D8B82FA2B53A89400B79837 /* README.md in Resources */,
				5D8B82F82B53A53F00B79837 /* .gitignore in Resources */,
				5D8B82D62B52EE2A00B79837 /* Colors.xcassets in Resources */,
				5D8B82E52B538D6C00B79837 /* GoogleService-Info.plist in Resources */,
				5D8B82A02B52E7AE00B79837 /* Preview Assets.xcassets in Resources */,
				5D8B829D2B52E7AE00B79837 /* Assets.xcassets in Resources */,
			);
			runOnlyForDeploymentPostprocessing = 0;
		};
		5D8B82A82B52E7AE00B79837 /* Resources */ = {
			isa = PBXResourcesBuildPhase;
			buildActionMask = 2147483647;
			files = (
			);
			runOnlyForDeploymentPostprocessing = 0;
		};
		5D8B82B22B52E7AE00B79837 /* Resources */ = {
			isa = PBXResourcesBuildPhase;
			buildActionMask = 2147483647;
			files = (
			);
			runOnlyForDeploymentPostprocessing = 0;
		};
/* End PBXResourcesBuildPhase section */

/* Begin PBXSourcesBuildPhase section */
		5D8B82912B52E7AC00B79837 /* Sources */ = {
			isa = PBXSourcesBuildPhase;
			buildActionMask = 2147483647;
			files = (
				5D8B82DC2B52F0E300B79837 /* RecordPage.swift in Sources */,
				5D8B82ED2B538FC000B79837 /* SignUp.swift in Sources */,
				5D8B829B2B52E7AC00B79837 /* ContentView.swift in Sources */,
				5D8B82FF2B53B50500B79837 /* RecordingModel.swift in Sources */,
				5D8B82C92B52EA1E00B79837 /* HomePage.swift in Sources */,
				5D8B82D32B52EB9A00B79837 /* ColorExtension.swift in Sources */,
				5D8B82DA2B52F0C100B79837 /* RecordButton.swift in Sources */,
				5D8B82FC2B53ADFB00B79837 /* RecordingViewModel.swift in Sources */,
				5D8B82992B52E7AC00B79837 /* RecoGrapherApp.swift in Sources */,
				5D8B82CD2B52EA6200B79837 /* HomeHeader.swift in Sources */,
				5D8B82CF2B52EA8400B79837 /* SideMenu.swift in Sources */,
				5D8B82D12B52EA9400B79837 /* Search.swift in Sources */,
				5D8B82F52B53926900B79837 /* AuthViewModel.swift in Sources */,
				5D8B82E32B538C7500B79837 /* AuthModel.swift in Sources */,
				5D8B83012B55217A00B79837 /* RecordHeader.swift in Sources */,
			);
			runOnlyForDeploymentPostprocessing = 0;
		};
		5D8B82A62B52E7AE00B79837 /* Sources */ = {
			isa = PBXSourcesBuildPhase;
			buildActionMask = 2147483647;
			files = (
			);
			runOnlyForDeploymentPostprocessing = 0;
		};
		5D8B82B02B52E7AE00B79837 /* Sources */ = {
			isa = PBXSourcesBuildPhase;
			buildActionMask = 2147483647;
			files = (
			);
			runOnlyForDeploymentPostprocessing = 0;
		};
/* End PBXSourcesBuildPhase section */

/* Begin PBXTargetDependency section */
		5D8B82AC2B52E7AE00B79837 /* PBXTargetDependency */ = {
			isa = PBXTargetDependency;
			target = 5D8B82942B52E7AC00B79837 /* RecoGrapher */;
			targetProxy = 5D8B82AB2B52E7AE00B79837 /* PBXContainerItemProxy */;
		};
		5D8B82B62B52E7AE00B79837 /* PBXTargetDependency */ = {
			isa = PBXTargetDependency;
			target = 5D8B82942B52E7AC00B79837 /* RecoGrapher */;
			targetProxy = 5D8B82B52B52E7AE00B79837 /* PBXContainerItemProxy */;
		};
/* End PBXTargetDependency section */

/* Begin XCBuildConfiguration section */
		5D8B82BC2B52E7AE00B79837 /* Debug */ = {
			isa = XCBuildConfiguration;
			buildSettings = {
				ALWAYS_SEARCH_USER_PATHS = NO;
				ASSETCATALOG_COMPILER_GENERATE_SWIFT_ASSET_SYMBOL_EXTENSIONS = YES;
				CLANG_ANALYZER_NONNULL = YES;
				CLANG_ANALYZER_NUMBER_OBJECT_CONVERSION = YES_AGGRESSIVE;
				CLANG_CXX_LANGUAGE_STANDARD = "gnu++20";
				CLANG_ENABLE_MODULES = YES;
				CLANG_ENABLE_OBJC_ARC = YES;
				CLANG_ENABLE_OBJC_WEAK = YES;
				CLANG_WARN_BLOCK_CAPTURE_AUTORELEASING = YES;
				CLANG_WARN_BOOL_CONVERSION = YES;
				CLANG_WARN_COMMA = YES;
				CLANG_WARN_CONSTANT_CONVERSION = YES;
				CLANG_WARN_DEPRECATED_OBJC_IMPLEMENTATIONS = YES;
				CLANG_WARN_DIRECT_OBJC_ISA_USAGE = YES_ERROR;
				CLANG_WARN_DOCUMENTATION_COMMENTS = YES;
				CLANG_WARN_EMPTY_BODY = YES;
				CLANG_WARN_ENUM_CONVERSION = YES;
				CLANG_WARN_INFINITE_RECURSION = YES;
				CLANG_WARN_INT_CONVERSION = YES;
				CLANG_WARN_NON_LITERAL_NULL_CONVERSION = YES;
				CLANG_WARN_OBJC_IMPLICIT_RETAIN_SELF = YES;
				CLANG_WARN_OBJC_LITERAL_CONVERSION = YES;
				CLANG_WARN_OBJC_ROOT_CLASS = YES_ERROR;
				CLANG_WARN_QUOTED_INCLUDE_IN_FRAMEWORK_HEADER = YES;
				CLANG_WARN_RANGE_LOOP_ANALYSIS = YES;
				CLANG_WARN_STRICT_PROTOTYPES = YES;
				CLANG_WARN_SUSPICIOUS_MOVE = YES;
				CLANG_WARN_UNGUARDED_AVAILABILITY = YES_AGGRESSIVE;
				CLANG_WARN_UNREACHABLE_CODE = YES;
				CLANG_WARN__DUPLICATE_METHOD_MATCH = YES;
				COPY_PHASE_STRIP = NO;
				DEBUG_INFORMATION_FORMAT = dwarf;
				ENABLE_STRICT_OBJC_MSGSEND = YES;
				ENABLE_TESTABILITY = YES;
				ENABLE_USER_SCRIPT_SANDBOXING = YES;
				GCC_C_LANGUAGE_STANDARD = gnu17;
				GCC_DYNAMIC_NO_PIC = NO;
				GCC_NO_COMMON_BLOCKS = YES;
				GCC_OPTIMIZATION_LEVEL = 0;
				GCC_PREPROCESSOR_DEFINITIONS = (
					"DEBUG=1",
					"$(inherited)",
				);
				GCC_WARN_64_TO_32_BIT_CONVERSION = YES;
				GCC_WARN_ABOUT_RETURN_TYPE = YES_ERROR;
				GCC_WARN_UNDECLARED_SELECTOR = YES;
				GCC_WARN_UNINITIALIZED_AUTOS = YES_AGGRESSIVE;
				GCC_WARN_UNUSED_FUNCTION = YES;
				GCC_WARN_UNUSED_VARIABLE = YES;
				IPHONEOS_DEPLOYMENT_TARGET = 17.0;
				LOCALIZATION_PREFERS_STRING_CATALOGS = YES;
				MTL_ENABLE_DEBUG_INFO = INCLUDE_SOURCE;
				MTL_FAST_MATH = YES;
				ONLY_ACTIVE_ARCH = YES;
				SDKROOT = iphoneos;
				SWIFT_ACTIVE_COMPILATION_CONDITIONS = "DEBUG $(inherited)";
				SWIFT_OPTIMIZATION_LEVEL = "-Onone";
			};
			name = Debug;
		};
		5D8B82BD2B52E7AE00B79837 /* Release */ = {
			isa = XCBuildConfiguration;
			buildSettings = {
				ALWAYS_SEARCH_USER_PATHS = NO;
				ASSETCATALOG_COMPILER_GENERATE_SWIFT_ASSET_SYMBOL_EXTENSIONS = YES;
				CLANG_ANALYZER_NONNULL = YES;
				CLANG_ANALYZER_NUMBER_OBJECT_CONVERSION = YES_AGGRESSIVE;
				CLANG_CXX_LANGUAGE_STANDARD = "gnu++20";
				CLANG_ENABLE_MODULES = YES;
				CLANG_ENABLE_OBJC_ARC = YES;
				CLANG_ENABLE_OBJC_WEAK = YES;
				CLANG_WARN_BLOCK_CAPTURE_AUTORELEASING = YES;
				CLANG_WARN_BOOL_CONVERSION = YES;
				CLANG_WARN_COMMA = YES;
				CLANG_WARN_CONSTANT_CONVERSION = YES;
				CLANG_WARN_DEPRECATED_OBJC_IMPLEMENTATIONS = YES;
				CLANG_WARN_DIRECT_OBJC_ISA_USAGE = YES_ERROR;
				CLANG_WARN_DOCUMENTATION_COMMENTS = YES;
				CLANG_WARN_EMPTY_BODY = YES;
				CLANG_WARN_ENUM_CONVERSION = YES;
				CLANG_WARN_INFINITE_RECURSION = YES;
				CLANG_WARN_INT_CONVERSION = YES;
				CLANG_WARN_NON_LITERAL_NULL_CONVERSION = YES;
				CLANG_WARN_OBJC_IMPLICIT_RETAIN_SELF = YES;
				CLANG_WARN_OBJC_LITERAL_CONVERSION = YES;
				CLANG_WARN_OBJC_ROOT_CLASS = YES_ERROR;
				CLANG_WARN_QUOTED_INCLUDE_IN_FRAMEWORK_HEADER = YES;
				CLANG_WARN_RANGE_LOOP_ANALYSIS = YES;
				CLANG_WARN_STRICT_PROTOTYPES = YES;
				CLANG_WARN_SUSPICIOUS_MOVE = YES;
				CLANG_WARN_UNGUARDED_AVAILABILITY = YES_AGGRESSIVE;
				CLANG_WARN_UNREACHABLE_CODE = YES;
				CLANG_WARN__DUPLICATE_METHOD_MATCH = YES;
				COPY_PHASE_STRIP = NO;
				DEBUG_INFORMATION_FORMAT = "dwarf-with-dsym";
				ENABLE_NS_ASSERTIONS = NO;
				ENABLE_STRICT_OBJC_MSGSEND = YES;
				ENABLE_USER_SCRIPT_SANDBOXING = YES;
				GCC_C_LANGUAGE_STANDARD = gnu17;
				GCC_NO_COMMON_BLOCKS = YES;
				GCC_WARN_64_TO_32_BIT_CONVERSION = YES;
				GCC_WARN_ABOUT_RETURN_TYPE = YES_ERROR;
				GCC_WARN_UNDECLARED_SELECTOR = YES;
				GCC_WARN_UNINITIALIZED_AUTOS = YES_AGGRESSIVE;
				GCC_WARN_UNUSED_FUNCTION = YES;
				GCC_WARN_UNUSED_VARIABLE = YES;
				IPHONEOS_DEPLOYMENT_TARGET = 17.0;
				LOCALIZATION_PREFERS_STRING_CATALOGS = YES;
				MTL_ENABLE_DEBUG_INFO = NO;
				MTL_FAST_MATH = YES;
				SDKROOT = iphoneos;
				SWIFT_COMPILATION_MODE = wholemodule;
				VALIDATE_PRODUCT = YES;
			};
			name = Release;
		};
		5D8B82BF2B52E7AE00B79837 /* Debug */ = {
			isa = XCBuildConfiguration;
			buildSettings = {
				ASSETCATALOG_COMPILER_APPICON_NAME = AppIcon;
				ASSETCATALOG_COMPILER_GLOBAL_ACCENT_COLOR_NAME = AccentColor;
				CODE_SIGN_STYLE = Automatic;
				CURRENT_PROJECT_VERSION = 1;
				DEVELOPMENT_ASSET_PATHS = "\"RecoGrapher/Preview Content\"";
				DEVELOPMENT_TEAM = 2YCZ6J59W8;
				ENABLE_PREVIEWS = YES;
				GENERATE_INFOPLIST_FILE = YES;
				INFOPLIST_FILE = RecoGrapher/Info.plist;
				INFOPLIST_KEY_UIApplicationSceneManifest_Generation = YES;
				INFOPLIST_KEY_UIApplicationSupportsIndirectInputEvents = YES;
				INFOPLIST_KEY_UILaunchScreen_Generation = YES;
				INFOPLIST_KEY_UISupportedInterfaceOrientations_iPad = "UIInterfaceOrientationPortrait UIInterfaceOrientationPortraitUpsideDown UIInterfaceOrientationLandscapeLeft UIInterfaceOrientationLandscapeRight";
				INFOPLIST_KEY_UISupportedInterfaceOrientations_iPhone = "UIInterfaceOrientationPortrait UIInterfaceOrientationLandscapeLeft UIInterfaceOrientationLandscapeRight";
				LD_RUNPATH_SEARCH_PATHS = (
					"$(inherited)",
					"@executable_path/Frameworks",
				);
				MARKETING_VERSION = 1.0;
				PRODUCT_BUNDLE_IDENTIFIER = kaitanaka.RecoGrapher;
				PRODUCT_NAME = "$(TARGET_NAME)";
				SWIFT_EMIT_LOC_STRINGS = YES;
				SWIFT_VERSION = 5.0;
				TARGETED_DEVICE_FAMILY = "1,2";
			};
			name = Debug;
		};
		5D8B82C02B52E7AE00B79837 /* Release */ = {
			isa = XCBuildConfiguration;
			buildSettings = {
				ASSETCATALOG_COMPILER_APPICON_NAME = AppIcon;
				ASSETCATALOG_COMPILER_GLOBAL_ACCENT_COLOR_NAME = AccentColor;
				CODE_SIGN_STYLE = Automatic;
				CURRENT_PROJECT_VERSION = 1;
				DEVELOPMENT_ASSET_PATHS = "\"RecoGrapher/Preview Content\"";
				DEVELOPMENT_TEAM = 2YCZ6J59W8;
				ENABLE_PREVIEWS = YES;
				GENERATE_INFOPLIST_FILE = YES;
				INFOPLIST_FILE = RecoGrapher/Info.plist;
				INFOPLIST_KEY_UIApplicationSceneManifest_Generation = YES;
				INFOPLIST_KEY_UIApplicationSupportsIndirectInputEvents = YES;
				INFOPLIST_KEY_UILaunchScreen_Generation = YES;
				INFOPLIST_KEY_UISupportedInterfaceOrientations_iPad = "UIInterfaceOrientationPortrait UIInterfaceOrientationPortraitUpsideDown UIInterfaceOrientationLandscapeLeft UIInterfaceOrientationLandscapeRight";
				INFOPLIST_KEY_UISupportedInterfaceOrientations_iPhone = "UIInterfaceOrientationPortrait UIInterfaceOrientationLandscapeLeft UIInterfaceOrientationLandscapeRight";
				LD_RUNPATH_SEARCH_PATHS = (
					"$(inherited)",
					"@executable_path/Frameworks",
				);
				MARKETING_VERSION = 1.0;
				PRODUCT_BUNDLE_IDENTIFIER = kaitanaka.RecoGrapher;
				PRODUCT_NAME = "$(TARGET_NAME)";
				SWIFT_EMIT_LOC_STRINGS = YES;
				SWIFT_VERSION = 5.0;
				TARGETED_DEVICE_FAMILY = "1,2";
			};
			name = Release;
		};
		5D8B82C22B52E7AE00B79837 /* Debug */ = {
			isa = XCBuildConfiguration;
			buildSettings = {
				ALWAYS_EMBED_SWIFT_STANDARD_LIBRARIES = YES;
				BUNDLE_LOADER = "$(TEST_HOST)";
				CODE_SIGN_STYLE = Automatic;
				CURRENT_PROJECT_VERSION = 1;
				DEVELOPMENT_TEAM = 2YCZ6J59W8;
				GENERATE_INFOPLIST_FILE = YES;
				IPHONEOS_DEPLOYMENT_TARGET = 17.0;
				MARKETING_VERSION = 1.0;
				PRODUCT_BUNDLE_IDENTIFIER = kaitanaka.RecoGrapherTests;
				PRODUCT_NAME = "$(TARGET_NAME)";
				SWIFT_EMIT_LOC_STRINGS = NO;
				SWIFT_VERSION = 5.0;
				TARGETED_DEVICE_FAMILY = "1,2";
				TEST_HOST = "$(BUILT_PRODUCTS_DIR)/RecoGrapher.app/$(BUNDLE_EXECUTABLE_FOLDER_PATH)/RecoGrapher";
			};
			name = Debug;
		};
		5D8B82C32B52E7AE00B79837 /* Release */ = {
			isa = XCBuildConfiguration;
			buildSettings = {
				ALWAYS_EMBED_SWIFT_STANDARD_LIBRARIES = YES;
				BUNDLE_LOADER = "$(TEST_HOST)";
				CODE_SIGN_STYLE = Automatic;
				CURRENT_PROJECT_VERSION = 1;
				DEVELOPMENT_TEAM = 2YCZ6J59W8;
				GENERATE_INFOPLIST_FILE = YES;
				IPHONEOS_DEPLOYMENT_TARGET = 17.0;
				MARKETING_VERSION = 1.0;
				PRODUCT_BUNDLE_IDENTIFIER = kaitanaka.RecoGrapherTests;
				PRODUCT_NAME = "$(TARGET_NAME)";
				SWIFT_EMIT_LOC_STRINGS = NO;
				SWIFT_VERSION = 5.0;
				TARGETED_DEVICE_FAMILY = "1,2";
				TEST_HOST = "$(BUILT_PRODUCTS_DIR)/RecoGrapher.app/$(BUNDLE_EXECUTABLE_FOLDER_PATH)/RecoGrapher";
			};
			name = Release;
		};
		5D8B82C52B52E7AE00B79837 /* Debug */ = {
			isa = XCBuildConfiguration;
			buildSettings = {
				ALWAYS_EMBED_SWIFT_STANDARD_LIBRARIES = YES;
				CODE_SIGN_STYLE = Automatic;
				CURRENT_PROJECT_VERSION = 1;
				DEVELOPMENT_TEAM = 2YCZ6J59W8;
				GENERATE_INFOPLIST_FILE = YES;
				MARKETING_VERSION = 1.0;
				PRODUCT_BUNDLE_IDENTIFIER = kaitanaka.RecoGrapherUITests;
				PRODUCT_NAME = "$(TARGET_NAME)";
				SWIFT_EMIT_LOC_STRINGS = NO;
				SWIFT_VERSION = 5.0;
				TARGETED_DEVICE_FAMILY = "1,2";
				TEST_TARGET_NAME = RecoGrapher;
			};
			name = Debug;
		};
		5D8B82C62B52E7AE00B79837 /* Release */ = {
			isa = XCBuildConfiguration;
			buildSettings = {
				ALWAYS_EMBED_SWIFT_STANDARD_LIBRARIES = YES;
				CODE_SIGN_STYLE = Automatic;
				CURRENT_PROJECT_VERSION = 1;
				DEVELOPMENT_TEAM = 2YCZ6J59W8;
				GENERATE_INFOPLIST_FILE = YES;
				MARKETING_VERSION = 1.0;
				PRODUCT_BUNDLE_IDENTIFIER = kaitanaka.RecoGrapherUITests;
				PRODUCT_NAME = "$(TARGET_NAME)";
				SWIFT_EMIT_LOC_STRINGS = NO;
				SWIFT_VERSION = 5.0;
				TARGETED_DEVICE_FAMILY = "1,2";
				TEST_TARGET_NAME = RecoGrapher;
			};
			name = Release;
		};
/* End XCBuildConfiguration section */

/* Begin XCConfigurationList section */
		5D8B82902B52E7AC00B79837 /* Build configuration list for PBXProject "RecoGrapher" */ = {
			isa = XCConfigurationList;
			buildConfigurations = (
				5D8B82BC2B52E7AE00B79837 /* Debug */,
				5D8B82BD2B52E7AE00B79837 /* Release */,
			);
			defaultConfigurationIsVisible = 0;
			defaultConfigurationName = Release;
		};
		5D8B82BE2B52E7AE00B79837 /* Build configuration list for PBXNativeTarget "RecoGrapher" */ = {
			isa = XCConfigurationList;
			buildConfigurations = (
				5D8B82BF2B52E7AE00B79837 /* Debug */,
				5D8B82C02B52E7AE00B79837 /* Release */,
			);
			defaultConfigurationIsVisible = 0;
			defaultConfigurationName = Release;
		};
		5D8B82C12B52E7AE00B79837 /* Build configuration list for PBXNativeTarget "RecoGrapherTests" */ = {
			isa = XCConfigurationList;
			buildConfigurations = (
				5D8B82C22B52E7AE00B79837 /* Debug */,
				5D8B82C32B52E7AE00B79837 /* Release */,
			);
			defaultConfigurationIsVisible = 0;
			defaultConfigurationName = Release;
		};
		5D8B82C42B52E7AE00B79837 /* Build configuration list for PBXNativeTarget "RecoGrapherUITests" */ = {
			isa = XCConfigurationList;
			buildConfigurations = (
				5D8B82C52B52E7AE00B79837 /* Debug */,
				5D8B82C62B52E7AE00B79837 /* Release */,
			);
			defaultConfigurationIsVisible = 0;
			defaultConfigurationName = Release;
		};
/* End XCConfigurationList section */

/* Begin XCRemoteSwiftPackageReference section */
		5D8B82E62B538E0900B79837 /* XCRemoteSwiftPackageReference "firebase-ios-sdk" */ = {
			isa = XCRemoteSwiftPackageReference;
			repositoryURL = "https://github.com/firebase/firebase-ios-sdk";
			requirement = {
				kind = upToNextMajorVersion;
				minimumVersion = 10.19.1;
			};
		};
		5D8B82EE2B5391F600B79837 /* XCRemoteSwiftPackageReference "GoogleSignIn-iOS" */ = {
			isa = XCRemoteSwiftPackageReference;
			repositoryURL = "https://github.com/google/GoogleSignIn-iOS";
			requirement = {
				kind = upToNextMajorVersion;
				minimumVersion = 7.0.0;
			};
		};
/* End XCRemoteSwiftPackageReference section */

/* Begin XCSwiftPackageProductDependency section */
		5D8B82E72B538EFA00B79837 /* FirebaseAuth */ = {
			isa = XCSwiftPackageProductDependency;
			package = 5D8B82E62B538E0900B79837 /* XCRemoteSwiftPackageReference "firebase-ios-sdk" */;
			productName = FirebaseAuth;
		};
		5D8B82EF2B5391F600B79837 /* GoogleSignIn */ = {
			isa = XCSwiftPackageProductDependency;
			package = 5D8B82EE2B5391F600B79837 /* XCRemoteSwiftPackageReference "GoogleSignIn-iOS" */;
			productName = GoogleSignIn;
		};
		5D8B82F12B53923600B79837 /* GoogleSignInSwift */ = {
			isa = XCSwiftPackageProductDependency;
			package = 5D8B82EE2B5391F600B79837 /* XCRemoteSwiftPackageReference "GoogleSignIn-iOS" */;
			productName = GoogleSignInSwift;
		};
/* End XCSwiftPackageProductDependency section */
	};
	rootObject = 5D8B828D2B52E7AC00B79837 /* Project object */;
}
